
Microsoft Visual Studio Solution File, Format Version 12.00
# Visual Studio Version 17
VisualStudioVersion = 17.11.35312.102
MinimumVisualStudioVersion = 10.0.40219.1
Project("{FAE04EC0-301F-11D3-BF4B-00C04F79EFBC}") = "ChessGame", "ChessGame.csproj", "{3E295E75-7F78-4B2E-9DD7-405DB352BF17}"
EndProject
Project("{9A19103F-16F7-4668-BE54-9A1E7A4F7556}") = "logic", "..\logic\logic.csproj", "{5A6F11E7-0DF6-46A3-ADFD-E432948339F7}"
EndProject
Global
	GlobalSection(SolutionConfigurationPlatforms) = preSolution
		Debug|Any CPU = Debug|Any CPU
		Release|Any CPU = Release|Any CPU
	EndGlobalSection
	GlobalSection(ProjectConfigurationPlatforms) = postSolution
		{3E295E75-7F78-4B2E-9DD7-405DB352BF17}.Debug|Any CPU.ActiveCfg = Debug|Any CPU
		{3E295E75-7F78-4B2E-9DD7-405DB352BF17}.Debug|Any CPU.Build.0 = Debug|Any CPU
		{3E295E75-7F78-4B2E-9DD7-405DB352BF17}.Release|Any CPU.ActiveCfg = Release|Any CPU
		{3E295E75-7F78-4B2E-9DD7-405DB352BF17}.Release|Any CPU.Build.0 = Release|Any CPU
		{5A6F11E7-0DF6-46A3-ADFD-E432948339F7}.Debug|Any CPU.ActiveCfg = Debug|Any CPU
		{5A6F11E7-0DF6-46A3-ADFD-E432948339F7}.Debug|Any CPU.Build.0 = Debug|Any CPU
		{5A6F11E7-0DF6-46A3-ADFD-E432948339F7}.Release|Any CPU.ActiveCfg = Release|Any CPU
		{5A6F11E7-0DF6-46A3-ADFD-E432948339F7}.Release|Any CPU.Build.0 = Release|Any CPU
	EndGlobalSection
	GlobalSection(SolutionProperties) = preSolution
		HideSolutionNode = FALSE
	EndGlobalSection
	GlobalSection(ExtensibilityGlobals) = postSolution
		SolutionGuid = {95D79DB6-CC34-451A-BD65-6BF333C050DB}
	EndGlobalSection
EndGlobal
