
Microsoft Visual Studio Solution File, Format Version 12.00
# Visual Studio Version 17
VisualStudioVersion = 17.11.35312.102
MinimumVisualStudioVersion = 10.0.40219.1
Project("{FAE04EC0-301F-11D3-BF4B-00C04F79EFBC}") = "ChessGame", "ChessGame.csproj", "{FA93F754-3A56-40AC-B1C9-AA104526BAB6}"
EndProject
Global
	GlobalSection(SolutionConfigurationPlatforms) = preSolution
		Debug|Any CPU = Debug|Any CPU
		Release|Any CPU = Release|Any CPU
	EndGlobalSection
	GlobalSection(ProjectConfigurationPlatforms) = postSolution
		{FA93F754-3A56-40AC-B1C9-AA104526BAB6}.Debug|Any CPU.ActiveCfg = Debug|Any CPU
		{FA93F754-3A56-40AC-B1C9-AA104526BAB6}.Debug|Any CPU.Build.0 = Debug|Any CPU
		{FA93F754-3A56-40AC-B1C9-AA104526BAB6}.Release|Any CPU.ActiveCfg = Release|Any CPU
		{FA93F754-3A56-40AC-B1C9-AA104526BAB6}.Release|Any CPU.Build.0 = Release|Any CPU
	EndGlobalSection
	GlobalSection(SolutionProperties) = preSolution
		HideSolutionNode = FALSE
	EndGlobalSection
	GlobalSection(ExtensibilityGlobals) = postSolution
		SolutionGuid = {062A6C67-B945-4C7D-82AD-C4D2B9A26B62}
	EndGlobalSection
EndGlobal
